# This file is autogenerated, do not edit; changes may be undone by the next 'dep ensure'.


[[projects]]
  name = "github.com/armon/go-radix"
  packages = ["."]
  revision = "1a2de0c21c94309923825da3df33a4381872c795"
  version = "v1.0.0"

[[projects]]
  name = "github.com/aws/aws-lambda-go"
  packages = ["events","lambda","lambda/messages","lambdacontext"]
  revision = "fb8f88d824489a878aee1e0badde7d8e129f8767"
  version = "v1.7.0"

[[projects]]
  name = "github.com/golang/protobuf"
  packages = ["proto"]
  revision = "aa810b61a9c79d51363740d207bb46cf8e620ed5"
  version = "v1.2.0"

[[projects]]
  branch = "master"
  name = "github.com/gonum/floats"
  packages = ["."]
  revision = "7de1f4ea7ab57890bfd427af68c7994cd67975d4"

[[projects]]
  branch = "master"
  name = "github.com/gonum/internal"
  packages = ["asm/f64"]
  revision = "f884aa71402950fb2796dbea0d5aa9ef9cfad8ca"

[[projects]]
  branch = "master"
  name = "github.com/james-bowman/nlp"
  packages = [".","measures/pairwise"]
  revision = "86af1b5eb1930d69c2bcf793d7e2df4f347c4d9b"

[[projects]]
  branch = "master"
  name = "github.com/james-bowman/sparse"
  packages = [".","blas"]
  revision = "4a74a94aeaadf5bf28ce102524edaff7ee7f8643"

[[projects]]
  name = "github.com/mitchellh/mapstructure"
  packages = ["."]
  revision = "3536a929edddb9a5b34bd6861dc4a9647cb459fe"
  version = "v1.1.2"

[[projects]]
  name = "github.com/spaolacci/murmur3"
  packages = ["."]
  revision = "9f5d223c60793748f04a9d5b4b4eacddfc1f755d"
  version = "v1.1"

[[projects]]
  branch = "master"
  name = "github.com/turnage/graw"
  packages = ["reddit"]
  revision = "15877a6c18d60f0ad1336c3d44fb59e95c3e6b40"

[[projects]]
  name = "github.com/turnage/redditproto"
  packages = ["."]
  revision = "e5041bea89ff1f806a75e266af69f4fb82f1eff3"
  version = "2.1.0"

[[projects]]
  branch = "master"
  name = "golang.org/x/exp"
  packages = ["rand"]
  revision = "d9c527d6d0b47a696ffac0deae40c20e56c9e1c5"

[[projects]]
  branch = "master"
  name = "golang.org/x/net"
  packages = ["context","context/ctxhttp"]
  revision = "927f97764cc334a6575f4b7a1584a147864d5723"

[[projects]]
  branch = "master"
  name = "golang.org/x/oauth2"
  packages = [".","internal"]
  revision = "d668ce993890a79bda886613ee587a69dd5da7a6"

[[projects]]
  branch = "master"
  name = "gonum.org/v1/gonum"
  packages = ["blas","blas/blas64","blas/gonum","floats","internal/asm/c128","internal/asm/f32","internal/asm/f64","internal/math32","lapack","lapack/gonum","lapack/lapack64","mat","mathext","mathext/internal/amos","mathext/internal/cephes","mathext/internal/gonum","stat","stat/distuv","stat/sampleuv"]
  revision = "4a8f3189056394031e19a5377687db27ef7f10b4"

[[projects]]
  name = "google.golang.org/appengine"
  packages = ["internal","internal/base","internal/datastore","internal/log","internal/remote_api","internal/urlfetch","urlfetch"]
  revision = "e9657d882bb81064595ca3b56cbe2546bbabf7b1"
  version = "v1.4.0"

[solve-meta]
  analyzer-name = "dep"
  analyzer-version = 1
  inputs-digest = "bd160c69a1acdefd932797687402f722b9157692c7f3b10d0ded2497f7fecddf"
  solver-name = "gps-cdcl"
  solver-version = 1
